
Microsoft Visual Studio Solution File, Format Version 12.00
# Visual Studio 14
VisualStudioVersion = 14.0.25420.1
MinimumVisualStudioVersion = 10.0.40219.1
Project("{FAE04EC0-301F-11D3-BF4B-00C04F79EFBC}") = "Calculator.Droid", "Calculator\Calculator.Droid\Calculator.Droid.csproj", "{ADE3EF45-E103-4785-9768-F8E6C8EBB386}"
EndProject
Project("{FAE04EC0-301F-11D3-BF4B-00C04F79EFBC}") = "Calculator.iOS", "Calculator\Calculator.iOS\Calculator.iOS.csproj", "{0A9D0F07-A0B0-41E9-AFC2-91836F79C51E}"
EndProject
Project("{FAE04EC0-301F-11D3-BF4B-00C04F79EFBC}") = "Calculator.WinPhone", "Calculator\Calculator.WinPhone\Calculator.WinPhone.csproj", "{70CFAB97-8F6B-498D-B9AC-38D12D9B2C04}"
EndProject
Project("{FAE04EC0-301F-11D3-BF4B-00C04F79EFBC}") = "Calculator.UWP", "Calculator\Calculator.UWP\Calculator.UWP.csproj", "{25214596-BCA5-4C26-A5AF-772C375805E2}"
EndProject
Project("{FAE04EC0-301F-11D3-BF4B-00C04F79EFBC}") = "Calculator.Windows", "Calculator\Calculator.Windows\Calculator.Windows.csproj", "{17EA424F-3C71-42CC-AA2C-7F2633C41994}"
EndProject
Project("{D954291E-2A0B-460D-934E-DC6B0785DB48}") = "Calculator", "Calculator\Calculator\Calculator.shproj", "{96FB66BC-3E09-4EF5-AD39-F0E041215B59}"
EndProject
Global
	GlobalSection(SharedMSBuildProjectFiles) = preSolution
		Calculator\Calculator\Calculator.projitems*{0a9d0f07-a0b0-41e9-afc2-91836f79c51e}*SharedItemsImports = 4
		Calculator\Calculator\Calculator.projitems*{17ea424f-3c71-42cc-aa2c-7f2633c41994}*SharedItemsImports = 4
		Calculator\Calculator\Calculator.projitems*{25214596-bca5-4c26-a5af-772c375805e2}*SharedItemsImports = 4
		Calculator\Calculator\Calculator.projitems*{70cfab97-8f6b-498d-b9ac-38d12d9b2c04}*SharedItemsImports = 4
		Calculator\Calculator\Calculator.projitems*{96fb66bc-3e09-4ef5-ad39-f0e041215b59}*SharedItemsImports = 13
		Calculator\Calculator\Calculator.projitems*{ade3ef45-e103-4785-9768-f8e6c8ebb386}*SharedItemsImports = 4
	EndGlobalSection
	GlobalSection(SolutionConfigurationPlatforms) = preSolution
		Ad-Hoc|Any CPU = Ad-Hoc|Any CPU
		Ad-Hoc|ARM = Ad-Hoc|ARM
		Ad-Hoc|iPhone = Ad-Hoc|iPhone
		Ad-Hoc|iPhoneSimulator = Ad-Hoc|iPhoneSimulator
		Ad-Hoc|x64 = Ad-Hoc|x64
		Ad-Hoc|x86 = Ad-Hoc|x86
		AppStore|Any CPU = AppStore|Any CPU
		AppStore|ARM = AppStore|ARM
		AppStore|iPhone = AppStore|iPhone
		AppStore|iPhoneSimulator = AppStore|iPhoneSimulator
		AppStore|x64 = AppStore|x64
		AppStore|x86 = AppStore|x86
		Debug|Any CPU = Debug|Any CPU
		Debug|ARM = Debug|ARM
		Debug|iPhone = Debug|iPhone
		Debug|iPhoneSimulator = Debug|iPhoneSimulator
		Debug|x64 = Debug|x64
		Debug|x86 = Debug|x86
		Release|Any CPU = Release|Any CPU
		Release|ARM = Release|ARM
		Release|iPhone = Release|iPhone
		Release|iPhoneSimulator = Release|iPhoneSimulator
		Release|x64 = Release|x64
		Release|x86 = Release|x86
	EndGlobalSection
	GlobalSection(ProjectConfigurationPlatforms) = postSolution
		{ADE3EF45-E103-4785-9768-F8E6C8EBB386}.Ad-Hoc|Any CPU.ActiveCfg = Release|Any CPU
		{ADE3EF45-E103-4785-9768-F8E6C8EBB386}.Ad-Hoc|Any CPU.Build.0 = Release|Any CPU
		{ADE3EF45-E103-4785-9768-F8E6C8EBB386}.Ad-Hoc|Any CPU.Deploy.0 = Release|Any CPU
		{ADE3EF45-E103-4785-9768-F8E6C8EBB386}.Ad-Hoc|ARM.ActiveCfg = Release|Any CPU
		{ADE3EF45-E103-4785-9768-F8E6C8EBB386}.Ad-Hoc|ARM.Build.0 = Release|Any CPU
		{ADE3EF45-E103-4785-9768-F8E6C8EBB386}.Ad-Hoc|ARM.Deploy.0 = Release|Any CPU
		{ADE3EF45-E103-4785-9768-F8E6C8EBB386}.Ad-Hoc|iPhone.ActiveCfg = Release|Any CPU
		{ADE3EF45-E103-4785-9768-F8E6C8EBB386}.Ad-Hoc|iPhone.Build.0 = Release|Any CPU
		{ADE3EF45-E103-4785-9768-F8E6C8EBB386}.Ad-Hoc|iPhone.Deploy.0 = Release|Any CPU
		{ADE3EF45-E103-4785-9768-F8E6C8EBB386}.Ad-Hoc|iPhoneSimulator.ActiveCfg = Release|Any CPU
		{ADE3EF45-E103-4785-9768-F8E6C8EBB386}.Ad-Hoc|iPhoneSimulator.Build.0 = Release|Any CPU
		{ADE3EF45-E103-4785-9768-F8E6C8EBB386}.Ad-Hoc|iPhoneSimulator.Deploy.0 = Release|Any CPU
		{ADE3EF45-E103-4785-9768-F8E6C8EBB386}.Ad-Hoc|x64.ActiveCfg = Release|Any CPU
		{ADE3EF45-E103-4785-9768-F8E6C8EBB386}.Ad-Hoc|x64.Build.0 = Release|Any CPU
		{ADE3EF45-E103-4785-9768-F8E6C8EBB386}.Ad-Hoc|x64.Deploy.0 = Release|Any CPU
		{ADE3EF45-E103-4785-9768-F8E6C8EBB386}.Ad-Hoc|x86.ActiveCfg = Release|Any CPU
		{ADE3EF45-E103-4785-9768-F8E6C8EBB386}.Ad-Hoc|x86.Build.0 = Release|Any CPU
		{ADE3EF45-E103-4785-9768-F8E6C8EBB386}.Ad-Hoc|x86.Deploy.0 = Release|Any CPU
		{ADE3EF45-E103-4785-9768-F8E6C8EBB386}.AppStore|Any CPU.ActiveCfg = Release|Any CPU
		{ADE3EF45-E103-4785-9768-F8E6C8EBB386}.AppStore|Any CPU.Build.0 = Release|Any CPU
		{ADE3EF45-E103-4785-9768-F8E6C8EBB386}.AppStore|Any CPU.Deploy.0 = Release|Any CPU
		{ADE3EF45-E103-4785-9768-F8E6C8EBB386}.AppStore|ARM.ActiveCfg = Release|Any CPU
		{ADE3EF45-E103-4785-9768-F8E6C8EBB386}.AppStore|ARM.Build.0 = Release|Any CPU
		{ADE3EF45-E103-4785-9768-F8E6C8EBB386}.AppStore|ARM.Deploy.0 = Release|Any CPU
		{ADE3EF45-E103-4785-9768-F8E6C8EBB386}.AppStore|iPhone.ActiveCfg = Release|Any CPU
		{ADE3EF45-E103-4785-9768-F8E6C8EBB386}.AppStore|iPhone.Build.0 = Release|Any CPU
		{ADE3EF45-E103-4785-9768-F8E6C8EBB386}.AppStore|iPhone.Deploy.0 = Release|Any CPU
		{ADE3EF45-E103-4785-9768-F8E6C8EBB386}.AppStore|iPhoneSimulator.ActiveCfg = Release|Any CPU
		{ADE3EF45-E103-4785-9768-F8E6C8EBB386}.AppStore|iPhoneSimulator.Build.0 = Release|Any CPU
		{ADE3EF45-E103-4785-9768-F8E6C8EBB386}.AppStore|iPhoneSimulator.Deploy.0 = Release|Any CPU
		{ADE3EF45-E103-4785-9768-F8E6C8EBB386}.AppStore|x64.ActiveCfg = Release|Any CPU
		{ADE3EF45-E103-4785-9768-F8E6C8EBB386}.AppStore|x64.Build.0 = Release|Any CPU
		{ADE3EF45-E103-4785-9768-F8E6C8EBB386}.AppStore|x64.Deploy.0 = Release|Any CPU
		{ADE3EF45-E103-4785-9768-F8E6C8EBB386}.AppStore|x86.ActiveCfg = Release|Any CPU
		{ADE3EF45-E103-4785-9768-F8E6C8EBB386}.AppStore|x86.Build.0 = Release|Any CPU
		{ADE3EF45-E103-4785-9768-F8E6C8EBB386}.AppStore|x86.Deploy.0 = Release|Any CPU
		{ADE3EF45-E103-4785-9768-F8E6C8EBB386}.Debug|Any CPU.ActiveCfg = Debug|Any CPU
		{ADE3EF45-E103-4785-9768-F8E6C8EBB386}.Debug|Any CPU.Build.0 = Debug|Any CPU
		{ADE3EF45-E103-4785-9768-F8E6C8EBB386}.Debug|Any CPU.Deploy.0 = Debug|Any CPU
		{ADE3EF45-E103-4785-9768-F8E6C8EBB386}.Debug|ARM.ActiveCfg = Debug|Any CPU
		{ADE3EF45-E103-4785-9768-F8E6C8EBB386}.Debug|ARM.Build.0 = Debug|Any CPU
		{ADE3EF45-E103-4785-9768-F8E6C8EBB386}.Debug|ARM.Deploy.0 = Debug|Any CPU
		{ADE3EF45-E103-4785-9768-F8E6C8EBB386}.Debug|iPhone.ActiveCfg = Debug|Any CPU
		{ADE3EF45-E103-4785-9768-F8E6C8EBB386}.Debug|iPhone.Build.0 = Debug|Any CPU
		{ADE3EF45-E103-4785-9768-F8E6C8EBB386}.Debug|iPhone.Deploy.0 = Debug|Any CPU
		{ADE3EF45-E103-4785-9768-F8E6C8EBB386}.Debug|iPhoneSimulator.ActiveCfg = Debug|Any CPU
		{ADE3EF45-E103-4785-9768-F8E6C8EBB386}.Debug|iPhoneSimulator.Build.0 = Debug|Any CPU
		{ADE3EF45-E103-4785-9768-F8E6C8EBB386}.Debug|iPhoneSimulator.Deploy.0 = Debug|Any CPU
		{ADE3EF45-E103-4785-9768-F8E6C8EBB386}.Debug|x64.ActiveCfg = Debug|Any CPU
		{ADE3EF45-E103-4785-9768-F8E6C8EBB386}.Debug|x64.Build.0 = Debug|Any CPU
		{ADE3EF45-E103-4785-9768-F8E6C8EBB386}.Debug|x64.Deploy.0 = Debug|Any CPU
		{ADE3EF45-E103-4785-9768-F8E6C8EBB386}.Debug|x86.ActiveCfg = Debug|Any CPU
		{ADE3EF45-E103-4785-9768-F8E6C8EBB386}.Debug|x86.Build.0 = Debug|Any CPU
		{ADE3EF45-E103-4785-9768-F8E6C8EBB386}.Debug|x86.Deploy.0 = Debug|Any CPU
		{ADE3EF45-E103-4785-9768-F8E6C8EBB386}.Release|Any CPU.ActiveCfg = Release|Any CPU
		{ADE3EF45-E103-4785-9768-F8E6C8EBB386}.Release|Any CPU.Build.0 = Release|Any CPU
		{ADE3EF45-E103-4785-9768-F8E6C8EBB386}.Release|Any CPU.Deploy.0 = Release|Any CPU
		{ADE3EF45-E103-4785-9768-F8E6C8EBB386}.Release|ARM.ActiveCfg = Release|Any CPU
		{ADE3EF45-E103-4785-9768-F8E6C8EBB386}.Release|ARM.Build.0 = Release|Any CPU
		{ADE3EF45-E103-4785-9768-F8E6C8EBB386}.Release|ARM.Deploy.0 = Release|Any CPU
		{ADE3EF45-E103-4785-9768-F8E6C8EBB386}.Release|iPhone.ActiveCfg = Release|Any CPU
		{ADE3EF45-E103-4785-9768-F8E6C8EBB386}.Release|iPhone.Build.0 = Release|Any CPU
		{ADE3EF45-E103-4785-9768-F8E6C8EBB386}.Release|iPhone.Deploy.0 = Release|Any CPU
		{ADE3EF45-E103-4785-9768-F8E6C8EBB386}.Release|iPhoneSimulator.ActiveCfg = Release|Any CPU
		{ADE3EF45-E103-4785-9768-F8E6C8EBB386}.Release|iPhoneSimulator.Build.0 = Release|Any CPU
		{ADE3EF45-E103-4785-9768-F8E6C8EBB386}.Release|iPhoneSimulator.Deploy.0 = Release|Any CPU
		{ADE3EF45-E103-4785-9768-F8E6C8EBB386}.Release|x64.ActiveCfg = Release|Any CPU
		{ADE3EF45-E103-4785-9768-F8E6C8EBB386}.Release|x64.Build.0 = Release|Any CPU
		{ADE3EF45-E103-4785-9768-F8E6C8EBB386}.Release|x64.Deploy.0 = Release|Any CPU
		{ADE3EF45-E103-4785-9768-F8E6C8EBB386}.Release|x86.ActiveCfg = Release|Any CPU
		{ADE3EF45-E103-4785-9768-F8E6C8EBB386}.Release|x86.Build.0 = Release|Any CPU
		{ADE3EF45-E103-4785-9768-F8E6C8EBB386}.Release|x86.Deploy.0 = Release|Any CPU
		{0A9D0F07-A0B0-41E9-AFC2-91836F79C51E}.Ad-Hoc|Any CPU.ActiveCfg = Ad-Hoc|iPhone
		{0A9D0F07-A0B0-41E9-AFC2-91836F79C51E}.Ad-Hoc|ARM.ActiveCfg = Ad-Hoc|iPhone
		{0A9D0F07-A0B0-41E9-AFC2-91836F79C51E}.Ad-Hoc|iPhone.ActiveCfg = Ad-Hoc|iPhone
		{0A9D0F07-A0B0-41E9-AFC2-91836F79C51E}.Ad-Hoc|iPhone.Build.0 = Ad-Hoc|iPhone
		{0A9D0F07-A0B0-41E9-AFC2-91836F79C51E}.Ad-Hoc|iPhoneSimulator.ActiveCfg = Ad-Hoc|iPhoneSimulator
		{0A9D0F07-A0B0-41E9-AFC2-91836F79C51E}.Ad-Hoc|iPhoneSimulator.Build.0 = Ad-Hoc|iPhoneSimulator
		{0A9D0F07-A0B0-41E9-AFC2-91836F79C51E}.Ad-Hoc|x64.ActiveCfg = Ad-Hoc|iPhone
		{0A9D0F07-A0B0-41E9-AFC2-91836F79C51E}.Ad-Hoc|x86.ActiveCfg = Ad-Hoc|iPhone
		{0A9D0F07-A0B0-41E9-AFC2-91836F79C51E}.AppStore|Any CPU.ActiveCfg = AppStore|iPhone
		{0A9D0F07-A0B0-41E9-AFC2-91836F79C51E}.AppStore|ARM.ActiveCfg = AppStore|iPhone
		{0A9D0F07-A0B0-41E9-AFC2-91836F79C51E}.AppStore|iPhone.ActiveCfg = AppStore|iPhone
		{0A9D0F07-A0B0-41E9-AFC2-91836F79C51E}.AppStore|iPhone.Build.0 = AppStore|iPhone
		{0A9D0F07-A0B0-41E9-AFC2-91836F79C51E}.AppStore|iPhoneSimulator.ActiveCfg = AppStore|iPhoneSimulator
		{0A9D0F07-A0B0-41E9-AFC2-91836F79C51E}.AppStore|iPhoneSimulator.Build.0 = AppStore|iPhoneSimulator
		{0A9D0F07-A0B0-41E9-AFC2-91836F79C51E}.AppStore|x64.ActiveCfg = AppStore|iPhone
		{0A9D0F07-A0B0-41E9-AFC2-91836F79C51E}.AppStore|x86.ActiveCfg = AppStore|iPhone
		{0A9D0F07-A0B0-41E9-AFC2-91836F79C51E}.Debug|Any CPU.ActiveCfg = Debug|iPhone
		{0A9D0F07-A0B0-41E9-AFC2-91836F79C51E}.Debug|ARM.ActiveCfg = Debug|iPhone
		{0A9D0F07-A0B0-41E9-AFC2-91836F79C51E}.Debug|iPhone.ActiveCfg = Debug|iPhone
		{0A9D0F07-A0B0-41E9-AFC2-91836F79C51E}.Debug|iPhone.Build.0 = Debug|iPhone
		{0A9D0F07-A0B0-41E9-AFC2-91836F79C51E}.Debug|iPhoneSimulator.ActiveCfg = Debug|iPhoneSimulator
		{0A9D0F07-A0B0-41E9-AFC2-91836F79C51E}.Debug|iPhoneSimulator.Build.0 = Debug|iPhoneSimulator
		{0A9D0F07-A0B0-41E9-AFC2-91836F79C51E}.Debug|x64.ActiveCfg = Debug|iPhone
		{0A9D0F07-A0B0-41E9-AFC2-91836F79C51E}.Debug|x86.ActiveCfg = Debug|iPhone
		{0A9D0F07-A0B0-41E9-AFC2-91836F79C51E}.Release|Any CPU.ActiveCfg = Release|iPhone
		{0A9D0F07-A0B0-41E9-AFC2-91836F79C51E}.Release|ARM.ActiveCfg = Release|iPhone
		{0A9D0F07-A0B0-41E9-AFC2-91836F79C51E}.Release|iPhone.ActiveCfg = Release|iPhone
		{0A9D0F07-A0B0-41E9-AFC2-91836F79C51E}.Release|iPhone.Build.0 = Release|iPhone
		{0A9D0F07-A0B0-41E9-AFC2-91836F79C51E}.Release|iPhoneSimulator.ActiveCfg = Release|iPhoneSimulator
		{0A9D0F07-A0B0-41E9-AFC2-91836F79C51E}.Release|iPhoneSimulator.Build.0 = Release|iPhoneSimulator
		{0A9D0F07-A0B0-41E9-AFC2-91836F79C51E}.Release|x64.ActiveCfg = Release|iPhone
		{0A9D0F07-A0B0-41E9-AFC2-91836F79C51E}.Release|x86.ActiveCfg = Release|iPhone
		{70CFAB97-8F6B-498D-B9AC-38D12D9B2C04}.Ad-Hoc|Any CPU.ActiveCfg = Release|Any CPU
		{70CFAB97-8F6B-498D-B9AC-38D12D9B2C04}.Ad-Hoc|Any CPU.Build.0 = Release|Any CPU
		{70CFAB97-8F6B-498D-B9AC-38D12D9B2C04}.Ad-Hoc|Any CPU.Deploy.0 = Release|Any CPU
		{70CFAB97-8F6B-498D-B9AC-38D12D9B2C04}.Ad-Hoc|ARM.ActiveCfg = Release|ARM
		{70CFAB97-8F6B-498D-B9AC-38D12D9B2C04}.Ad-Hoc|ARM.Build.0 = Release|ARM
		{70CFAB97-8F6B-498D-B9AC-38D12D9B2C04}.Ad-Hoc|ARM.Deploy.0 = Release|ARM
		{70CFAB97-8F6B-498D-B9AC-38D12D9B2C04}.Ad-Hoc|iPhone.ActiveCfg = Release|Any CPU
		{70CFAB97-8F6B-498D-B9AC-38D12D9B2C04}.Ad-Hoc|iPhone.Build.0 = Release|Any CPU
		{70CFAB97-8F6B-498D-B9AC-38D12D9B2C04}.Ad-Hoc|iPhone.Deploy.0 = Release|Any CPU
		{70CFAB97-8F6B-498D-B9AC-38D12D9B2C04}.Ad-Hoc|iPhoneSimulator.ActiveCfg = Release|Any CPU
		{70CFAB97-8F6B-498D-B9AC-38D12D9B2C04}.Ad-Hoc|iPhoneSimulator.Build.0 = Release|Any CPU
		{70CFAB97-8F6B-498D-B9AC-38D12D9B2C04}.Ad-Hoc|iPhoneSimulator.Deploy.0 = Release|Any CPU
		{70CFAB97-8F6B-498D-B9AC-38D12D9B2C04}.Ad-Hoc|x64.ActiveCfg = Release|Any CPU
		{70CFAB97-8F6B-498D-B9AC-38D12D9B2C04}.Ad-Hoc|x64.Build.0 = Release|Any CPU
		{70CFAB97-8F6B-498D-B9AC-38D12D9B2C04}.Ad-Hoc|x64.Deploy.0 = Release|Any CPU
		{70CFAB97-8F6B-498D-B9AC-38D12D9B2C04}.Ad-Hoc|x86.ActiveCfg = Release|x86
		{70CFAB97-8F6B-498D-B9AC-38D12D9B2C04}.Ad-Hoc|x86.Build.0 = Release|x86
		{70CFAB97-8F6B-498D-B9AC-38D12D9B2C04}.Ad-Hoc|x86.Deploy.0 = Release|x86
		{70CFAB97-8F6B-498D-B9AC-38D12D9B2C04}.AppStore|Any CPU.ActiveCfg = Release|Any CPU
		{70CFAB97-8F6B-498D-B9AC-38D12D9B2C04}.AppStore|Any CPU.Build.0 = Release|Any CPU
		{70CFAB97-8F6B-498D-B9AC-38D12D9B2C04}.AppStore|Any CPU.Deploy.0 = Release|Any CPU
		{70CFAB97-8F6B-498D-B9AC-38D12D9B2C04}.AppStore|ARM.ActiveCfg = Release|ARM
		{70CFAB97-8F6B-498D-B9AC-38D12D9B2C04}.AppStore|ARM.Build.0 = Release|ARM
		{70CFAB97-8F6B-498D-B9AC-38D12D9B2C04}.AppStore|ARM.Deploy.0 = Release|ARM
		{70CFAB97-8F6B-498D-B9AC-38D12D9B2C04}.AppStore|iPhone.ActiveCfg = Release|Any CPU
		{70CFAB97-8F6B-498D-B9AC-38D12D9B2C04}.AppStore|iPhone.Build.0 = Release|Any CPU
		{70CFAB97-8F6B-498D-B9AC-38D12D9B2C04}.AppStore|iPhone.Deploy.0 = Release|Any CPU
		{70CFAB97-8F6B-498D-B9AC-38D12D9B2C04}.AppStore|iPhoneSimulator.ActiveCfg = Release|Any CPU
		{70CFAB97-8F6B-498D-B9AC-38D12D9B2C04}.AppStore|iPhoneSimulator.Build.0 = Release|Any CPU
		{70CFAB97-8F6B-498D-B9AC-38D12D9B2C04}.AppStore|iPhoneSimulator.Deploy.0 = Release|Any CPU
		{70CFAB97-8F6B-498D-B9AC-38D12D9B2C04}.AppStore|x64.ActiveCfg = Release|Any CPU
		{70CFAB97-8F6B-498D-B9AC-38D12D9B2C04}.AppStore|x64.Build.0 = Release|Any CPU
		{70CFAB97-8F6B-498D-B9AC-38D12D9B2C04}.AppStore|x64.Deploy.0 = Release|Any CPU
		{70CFAB97-8F6B-498D-B9AC-38D12D9B2C04}.AppStore|x86.ActiveCfg = Release|x86
		{70CFAB97-8F6B-498D-B9AC-38D12D9B2C04}.AppStore|x86.Build.0 = Release|x86
		{70CFAB97-8F6B-498D-B9AC-38D12D9B2C04}.AppStore|x86.Deploy.0 = Release|x86
		{70CFAB97-8F6B-498D-B9AC-38D12D9B2C04}.Debug|Any CPU.ActiveCfg = Debug|Any CPU
		{70CFAB97-8F6B-498D-B9AC-38D12D9B2C04}.Debug|Any CPU.Build.0 = Debug|Any CPU
		{70CFAB97-8F6B-498D-B9AC-38D12D9B2C04}.Debug|Any CPU.Deploy.0 = Debug|Any CPU
		{70CFAB97-8F6B-498D-B9AC-38D12D9B2C04}.Debug|ARM.ActiveCfg = Debug|ARM
		{70CFAB97-8F6B-498D-B9AC-38D12D9B2C04}.Debug|ARM.Build.0 = Debug|ARM
		{70CFAB97-8F6B-498D-B9AC-38D12D9B2C04}.Debug|ARM.Deploy.0 = Debug|ARM
		{70CFAB97-8F6B-498D-B9AC-38D12D9B2C04}.Debug|iPhone.ActiveCfg = Debug|Any CPU
		{70CFAB97-8F6B-498D-B9AC-38D12D9B2C04}.Debug|iPhone.Build.0 = Debug|Any CPU
		{70CFAB97-8F6B-498D-B9AC-38D12D9B2C04}.Debug|iPhone.Deploy.0 = Debug|Any CPU
		{70CFAB97-8F6B-498D-B9AC-38D12D9B2C04}.Debug|iPhoneSimulator.ActiveCfg = Debug|Any CPU
		{70CFAB97-8F6B-498D-B9AC-38D12D9B2C04}.Debug|iPhoneSimulator.Build.0 = Debug|Any CPU
		{70CFAB97-8F6B-498D-B9AC-38D12D9B2C04}.Debug|iPhoneSimulator.Deploy.0 = Debug|Any CPU
		{70CFAB97-8F6B-498D-B9AC-38D12D9B2C04}.Debug|x64.ActiveCfg = Debug|Any CPU
		{70CFAB97-8F6B-498D-B9AC-38D12D9B2C04}.Debug|x64.Build.0 = Debug|Any CPU
		{70CFAB97-8F6B-498D-B9AC-38D12D9B2C04}.Debug|x64.Deploy.0 = Debug|Any CPU
		{70CFAB97-8F6B-498D-B9AC-38D12D9B2C04}.Debug|x86.ActiveCfg = Debug|x86
		{70CFAB97-8F6B-498D-B9AC-38D12D9B2C04}.Debug|x86.Build.0 = Debug|x86
		{70CFAB97-8F6B-498D-B9AC-38D12D9B2C04}.Debug|x86.Deploy.0 = Debug|x86
		{70CFAB97-8F6B-498D-B9AC-38D12D9B2C04}.Release|Any CPU.ActiveCfg = Release|Any CPU
		{70CFAB97-8F6B-498D-B9AC-38D12D9B2C04}.Release|Any CPU.Build.0 = Release|Any CPU
		{70CFAB97-8F6B-498D-B9AC-38D12D9B2C04}.Release|Any CPU.Deploy.0 = Release|Any CPU
		{70CFAB97-8F6B-498D-B9AC-38D12D9B2C04}.Release|ARM.ActiveCfg = Release|ARM
		{70CFAB97-8F6B-498D-B9AC-38D12D9B2C04}.Release|ARM.Build.0 = Release|ARM
		{70CFAB97-8F6B-498D-B9AC-38D12D9B2C04}.Release|ARM.Deploy.0 = Release|ARM
		{70CFAB97-8F6B-498D-B9AC-38D12D9B2C04}.Release|iPhone.ActiveCfg = Release|Any CPU
		{70CFAB97-8F6B-498D-B9AC-38D12D9B2C04}.Release|iPhone.Build.0 = Release|Any CPU
		{70CFAB97-8F6B-498D-B9AC-38D12D9B2C04}.Release|iPhone.Deploy.0 = Release|Any CPU
		{70CFAB97-8F6B-498D-B9AC-38D12D9B2C04}.Release|iPhoneSimulator.ActiveCfg = Release|Any CPU
		{70CFAB97-8F6B-498D-B9AC-38D12D9B2C04}.Release|iPhoneSimulator.Build.0 = Release|Any CPU
		{70CFAB97-8F6B-498D-B9AC-38D12D9B2C04}.Release|iPhoneSimulator.Deploy.0 = Release|Any CPU
		{70CFAB97-8F6B-498D-B9AC-38D12D9B2C04}.Release|x64.ActiveCfg = Release|Any CPU
		{70CFAB97-8F6B-498D-B9AC-38D12D9B2C04}.Release|x64.Build.0 = Release|Any CPU
		{70CFAB97-8F6B-498D-B9AC-38D12D9B2C04}.Release|x64.Deploy.0 = Release|Any CPU
		{70CFAB97-8F6B-498D-B9AC-38D12D9B2C04}.Release|x86.ActiveCfg = Release|x86
		{70CFAB97-8F6B-498D-B9AC-38D12D9B2C04}.Release|x86.Build.0 = Release|x86
		{70CFAB97-8F6B-498D-B9AC-38D12D9B2C04}.Release|x86.Deploy.0 = Release|x86
		{25214596-BCA5-4C26-A5AF-772C375805E2}.Ad-Hoc|Any CPU.ActiveCfg = Release|x86
		{25214596-BCA5-4C26-A5AF-772C375805E2}.Ad-Hoc|Any CPU.Build.0 = Release|x86
		{25214596-BCA5-4C26-A5AF-772C375805E2}.Ad-Hoc|Any CPU.Deploy.0 = Release|x86
		{25214596-BCA5-4C26-A5AF-772C375805E2}.Ad-Hoc|ARM.ActiveCfg = Release|ARM
		{25214596-BCA5-4C26-A5AF-772C375805E2}.Ad-Hoc|ARM.Build.0 = Release|ARM
		{25214596-BCA5-4C26-A5AF-772C375805E2}.Ad-Hoc|ARM.Deploy.0 = Release|ARM
		{25214596-BCA5-4C26-A5AF-772C375805E2}.Ad-Hoc|iPhone.ActiveCfg = Release|x86
		{25214596-BCA5-4C26-A5AF-772C375805E2}.Ad-Hoc|iPhone.Build.0 = Release|x86
		{25214596-BCA5-4C26-A5AF-772C375805E2}.Ad-Hoc|iPhone.Deploy.0 = Release|x86
		{25214596-BCA5-4C26-A5AF-772C375805E2}.Ad-Hoc|iPhoneSimulator.ActiveCfg = Release|x86
		{25214596-BCA5-4C26-A5AF-772C375805E2}.Ad-Hoc|iPhoneSimulator.Build.0 = Release|x86
		{25214596-BCA5-4C26-A5AF-772C375805E2}.Ad-Hoc|iPhoneSimulator.Deploy.0 = Release|x86
		{25214596-BCA5-4C26-A5AF-772C375805E2}.Ad-Hoc|x64.ActiveCfg = Release|x64
		{25214596-BCA5-4C26-A5AF-772C375805E2}.Ad-Hoc|x64.Build.0 = Release|x64
		{25214596-BCA5-4C26-A5AF-772C375805E2}.Ad-Hoc|x64.Deploy.0 = Release|x64
		{25214596-BCA5-4C26-A5AF-772C375805E2}.Ad-Hoc|x86.ActiveCfg = Release|x86
		{25214596-BCA5-4C26-A5AF-772C375805E2}.Ad-Hoc|x86.Build.0 = Release|x86
		{25214596-BCA5-4C26-A5AF-772C375805E2}.Ad-Hoc|x86.Deploy.0 = Release|x86
		{25214596-BCA5-4C26-A5AF-772C375805E2}.AppStore|Any CPU.ActiveCfg = Release|x86
		{25214596-BCA5-4C26-A5AF-772C375805E2}.AppStore|Any CPU.Build.0 = Release|x86
		{25214596-BCA5-4C26-A5AF-772C375805E2}.AppStore|Any CPU.Deploy.0 = Release|x86
		{25214596-BCA5-4C26-A5AF-772C375805E2}.AppStore|ARM.ActiveCfg = Release|ARM
		{25214596-BCA5-4C26-A5AF-772C375805E2}.AppStore|ARM.Build.0 = Release|ARM
		{25214596-BCA5-4C26-A5AF-772C375805E2}.AppStore|ARM.Deploy.0 = Release|ARM
		{25214596-BCA5-4C26-A5AF-772C375805E2}.AppStore|iPhone.ActiveCfg = Release|x86
		{25214596-BCA5-4C26-A5AF-772C375805E2}.AppStore|iPhone.Build.0 = Release|x86
		{25214596-BCA5-4C26-A5AF-772C375805E2}.AppStore|iPhone.Deploy.0 = Release|x86
		{25214596-BCA5-4C26-A5AF-772C375805E2}.AppStore|iPhoneSimulator.ActiveCfg = Release|x86
		{25214596-BCA5-4C26-A5AF-772C375805E2}.AppStore|iPhoneSimulator.Build.0 = Release|x86
		{25214596-BCA5-4C26-A5AF-772C375805E2}.AppStore|iPhoneSimulator.Deploy.0 = Release|x86
		{25214596-BCA5-4C26-A5AF-772C375805E2}.AppStore|x64.ActiveCfg = Release|x64
		{25214596-BCA5-4C26-A5AF-772C375805E2}.AppStore|x64.Build.0 = Release|x64
		{25214596-BCA5-4C26-A5AF-772C375805E2}.AppStore|x64.Deploy.0 = Release|x64
		{25214596-BCA5-4C26-A5AF-772C375805E2}.AppStore|x86.ActiveCfg = Release|x86
		{25214596-BCA5-4C26-A5AF-772C375805E2}.AppStore|x86.Build.0 = Release|x86
		{25214596-BCA5-4C26-A5AF-772C375805E2}.AppStore|x86.Deploy.0 = Release|x86
		{25214596-BCA5-4C26-A5AF-772C375805E2}.Debug|Any CPU.ActiveCfg = Debug|x86
		{25214596-BCA5-4C26-A5AF-772C375805E2}.Debug|ARM.ActiveCfg = Debug|ARM
		{25214596-BCA5-4C26-A5AF-772C375805E2}.Debug|ARM.Build.0 = Debug|ARM
		{25214596-BCA5-4C26-A5AF-772C375805E2}.Debug|ARM.Deploy.0 = Debug|ARM
		{25214596-BCA5-4C26-A5AF-772C375805E2}.Debug|iPhone.ActiveCfg = Debug|x86
		{25214596-BCA5-4C26-A5AF-772C375805E2}.Debug|iPhoneSimulator.ActiveCfg = Debug|x86
		{25214596-BCA5-4C26-A5AF-772C375805E2}.Debug|x64.ActiveCfg = Debug|x64
		{25214596-BCA5-4C26-A5AF-772C375805E2}.Debug|x64.Build.0 = Debug|x64
		{25214596-BCA5-4C26-A5AF-772C375805E2}.Debug|x64.Deploy.0 = Debug|x64
		{25214596-BCA5-4C26-A5AF-772C375805E2}.Debug|x86.ActiveCfg = Debug|x86
		{25214596-BCA5-4C26-A5AF-772C375805E2}.Debug|x86.Build.0 = Debug|x86
		{25214596-BCA5-4C26-A5AF-772C375805E2}.Debug|x86.Deploy.0 = Debug|x86
		{25214596-BCA5-4C26-A5AF-772C375805E2}.Release|Any CPU.ActiveCfg = Release|x86
		{25214596-BCA5-4C26-A5AF-772C375805E2}.Release|ARM.ActiveCfg = Release|ARM
		{25214596-BCA5-4C26-A5AF-772C375805E2}.Release|ARM.Build.0 = Release|ARM
		{25214596-BCA5-4C26-A5AF-772C375805E2}.Release|ARM.Deploy.0 = Release|ARM
		{25214596-BCA5-4C26-A5AF-772C375805E2}.Release|iPhone.ActiveCfg = Release|x86
		{25214596-BCA5-4C26-A5AF-772C375805E2}.Release|iPhoneSimulator.ActiveCfg = Release|x86
		{25214596-BCA5-4C26-A5AF-772C375805E2}.Release|x64.ActiveCfg = Release|x64
		{25214596-BCA5-4C26-A5AF-772C375805E2}.Release|x64.Build.0 = Release|x64
		{25214596-BCA5-4C26-A5AF-772C375805E2}.Release|x64.Deploy.0 = Release|x64
		{25214596-BCA5-4C26-A5AF-772C375805E2}.Release|x86.ActiveCfg = Release|x86
		{25214596-BCA5-4C26-A5AF-772C375805E2}.Release|x86.Build.0 = Release|x86
		{25214596-BCA5-4C26-A5AF-772C375805E2}.Release|x86.Deploy.0 = Release|x86
		{17EA424F-3C71-42CC-AA2C-7F2633C41994}.Ad-Hoc|Any CPU.ActiveCfg = Release|Any CPU
		{17EA424F-3C71-42CC-AA2C-7F2633C41994}.Ad-Hoc|Any CPU.Build.0 = Release|Any CPU
		{17EA424F-3C71-42CC-AA2C-7F2633C41994}.Ad-Hoc|Any CPU.Deploy.0 = Release|Any CPU
		{17EA424F-3C71-42CC-AA2C-7F2633C41994}.Ad-Hoc|ARM.ActiveCfg = Release|ARM
		{17EA424F-3C71-42CC-AA2C-7F2633C41994}.Ad-Hoc|ARM.Build.0 = Release|ARM
		{17EA424F-3C71-42CC-AA2C-7F2633C41994}.Ad-Hoc|ARM.Deploy.0 = Release|ARM
		{17EA424F-3C71-42CC-AA2C-7F2633C41994}.Ad-Hoc|iPhone.ActiveCfg = Release|Any CPU
		{17EA424F-3C71-42CC-AA2C-7F2633C41994}.Ad-Hoc|iPhone.Build.0 = Release|Any CPU
		{17EA424F-3C71-42CC-AA2C-7F2633C41994}.Ad-Hoc|iPhone.Deploy.0 = Release|Any CPU
		{17EA424F-3C71-42CC-AA2C-7F2633C41994}.Ad-Hoc|iPhoneSimulator.ActiveCfg = Release|Any CPU
		{17EA424F-3C71-42CC-AA2C-7F2633C41994}.Ad-Hoc|iPhoneSimulator.Build.0 = Release|Any CPU
		{17EA424F-3C71-42CC-AA2C-7F2633C41994}.Ad-Hoc|iPhoneSimulator.Deploy.0 = Release|Any CPU
		{17EA424F-3C71-42CC-AA2C-7F2633C41994}.Ad-Hoc|x64.ActiveCfg = Release|x64
		{17EA424F-3C71-42CC-AA2C-7F2633C41994}.Ad-Hoc|x64.Build.0 = Release|x64
		{17EA424F-3C71-42CC-AA2C-7F2633C41994}.Ad-Hoc|x64.Deploy.0 = Release|x64
		{17EA424F-3C71-42CC-AA2C-7F2633C41994}.Ad-Hoc|x86.ActiveCfg = Release|x86
		{17EA424F-3C71-42CC-AA2C-7F2633C41994}.Ad-Hoc|x86.Build.0 = Release|x86
		{17EA424F-3C71-42CC-AA2C-7F2633C41994}.Ad-Hoc|x86.Deploy.0 = Release|x86
		{17EA424F-3C71-42CC-AA2C-7F2633C41994}.AppStore|Any CPU.ActiveCfg = Release|Any CPU
		{17EA424F-3C71-42CC-AA2C-7F2633C41994}.AppStore|Any CPU.Build.0 = Release|Any CPU
		{17EA424F-3C71-42CC-AA2C-7F2633C41994}.AppStore|Any CPU.Deploy.0 = Release|Any CPU
		{17EA424F-3C71-42CC-AA2C-7F2633C41994}.AppStore|ARM.ActiveCfg = Release|ARM
		{17EA424F-3C71-42CC-AA2C-7F2633C41994}.AppStore|ARM.Build.0 = Release|ARM
		{17EA424F-3C71-42CC-AA2C-7F2633C41994}.AppStore|ARM.Deploy.0 = Release|ARM
		{17EA424F-3C71-42CC-AA2C-7F2633C41994}.AppStore|iPhone.ActiveCfg = Release|Any CPU
		{17EA424F-3C71-42CC-AA2C-7F2633C41994}.AppStore|iPhone.Build.0 = Release|Any CPU
		{17EA424F-3C71-42CC-AA2C-7F2633C41994}.AppStore|iPhone.Deploy.0 = Release|Any CPU
		{17EA424F-3C71-42CC-AA2C-7F2633C41994}.AppStore|iPhoneSimulator.ActiveCfg = Release|Any CPU
		{17EA424F-3C71-42CC-AA2C-7F2633C41994}.AppStore|iPhoneSimulator.Build.0 = Release|Any CPU
		{17EA424F-3C71-42CC-AA2C-7F2633C41994}.AppStore|iPhoneSimulator.Deploy.0 = Release|Any CPU
		{17EA424F-3C71-42CC-AA2C-7F2633C41994}.AppStore|x64.ActiveCfg = Release|x64
		{17EA424F-3C71-42CC-AA2C-7F2633C41994}.AppStore|x64.Build.0 = Release|x64
		{17EA424F-3C71-42CC-AA2C-7F2633C41994}.AppStore|x64.Deploy.0 = Release|x64
		{17EA424F-3C71-42CC-AA2C-7F2633C41994}.AppStore|x86.ActiveCfg = Release|x86
		{17EA424F-3C71-42CC-AA2C-7F2633C41994}.AppStore|x86.Build.0 = Release|x86
		{17EA424F-3C71-42CC-AA2C-7F2633C41994}.AppStore|x86.Deploy.0 = Release|x86
		{17EA424F-3C71-42CC-AA2C-7F2633C41994}.Debug|Any CPU.ActiveCfg = Debug|Any CPU
		{17EA424F-3C71-42CC-AA2C-7F2633C41994}.Debug|Any CPU.Build.0 = Debug|Any CPU
		{17EA424F-3C71-42CC-AA2C-7F2633C41994}.Debug|Any CPU.Deploy.0 = Debug|Any CPU
		{17EA424F-3C71-42CC-AA2C-7F2633C41994}.Debug|ARM.ActiveCfg = Debug|ARM
		{17EA424F-3C71-42CC-AA2C-7F2633C41994}.Debug|ARM.Build.0 = Debug|ARM
		{17EA424F-3C71-42CC-AA2C-7F2633C41994}.Debug|ARM.Deploy.0 = Debug|ARM
		{17EA424F-3C71-42CC-AA2C-7F2633C41994}.Debug|iPhone.ActiveCfg = Debug|Any CPU
		{17EA424F-3C71-42CC-AA2C-7F2633C41994}.Debug|iPhone.Build.0 = Debug|Any CPU
		{17EA424F-3C71-42CC-AA2C-7F2633C41994}.Debug|iPhone.Deploy.0 = Debug|Any CPU
		{17EA424F-3C71-42CC-AA2C-7F2633C41994}.Debug|iPhoneSimulator.ActiveCfg = Debug|Any CPU
		{17EA424F-3C71-42CC-AA2C-7F2633C41994}.Debug|iPhoneSimulator.Build.0 = Debug|Any CPU
		{17EA424F-3C71-42CC-AA2C-7F2633C41994}.Debug|iPhoneSimulator.Deploy.0 = Debug|Any CPU
		{17EA424F-3C71-42CC-AA2C-7F2633C41994}.Debug|x64.ActiveCfg = Debug|x64
		{17EA424F-3C71-42CC-AA2C-7F2633C41994}.Debug|x64.Build.0 = Debug|x64
		{17EA424F-3C71-42CC-AA2C-7F2633C41994}.Debug|x64.Deploy.0 = Debug|x64
		{17EA424F-3C71-42CC-AA2C-7F2633C41994}.Debug|x86.ActiveCfg = Debug|x86
		{17EA424F-3C71-42CC-AA2C-7F2633C41994}.Debug|x86.Build.0 = Debug|x86
		{17EA424F-3C71-42CC-AA2C-7F2633C41994}.Debug|x86.Deploy.0 = Debug|x86
		{17EA424F-3C71-42CC-AA2C-7F2633C41994}.Release|Any CPU.ActiveCfg = Release|Any CPU
		{17EA424F-3C71-42CC-AA2C-7F2633C41994}.Release|Any CPU.Build.0 = Release|Any CPU
		{17EA424F-3C71-42CC-AA2C-7F2633C41994}.Release|Any CPU.Deploy.0 = Release|Any CPU
		{17EA424F-3C71-42CC-AA2C-7F2633C41994}.Release|ARM.ActiveCfg = Release|ARM
		{17EA424F-3C71-42CC-AA2C-7F2633C41994}.Release|ARM.Build.0 = Release|ARM
		{17EA424F-3C71-42CC-AA2C-7F2633C41994}.Release|ARM.Deploy.0 = Release|ARM
		{17EA424F-3C71-42CC-AA2C-7F2633C41994}.Release|iPhone.ActiveCfg = Release|Any CPU
		{17EA424F-3C71-42CC-AA2C-7F2633C41994}.Release|iPhone.Build.0 = Release|Any CPU
		{17EA424F-3C71-42CC-AA2C-7F2633C41994}.Release|iPhone.Deploy.0 = Release|Any CPU
		{17EA424F-3C71-42CC-AA2C-7F2633C41994}.Release|iPhoneSimulator.ActiveCfg = Release|Any CPU
		{17EA424F-3C71-42CC-AA2C-7F2633C41994}.Release|iPhoneSimulator.Build.0 = Release|Any CPU
		{17EA424F-3C71-42CC-AA2C-7F2633C41994}.Release|iPhoneSimulator.Deploy.0 = Release|Any CPU
		{17EA424F-3C71-42CC-AA2C-7F2633C41994}.Release|x64.ActiveCfg = Release|x64
		{17EA424F-3C71-42CC-AA2C-7F2633C41994}.Release|x64.Build.0 = Release|x64
		{17EA424F-3C71-42CC-AA2C-7F2633C41994}.Release|x64.Deploy.0 = Release|x64
		{17EA424F-3C71-42CC-AA2C-7F2633C41994}.Release|x86.ActiveCfg = Release|x86
		{17EA424F-3C71-42CC-AA2C-7F2633C41994}.Release|x86.Build.0 = Release|x86
		{17EA424F-3C71-42CC-AA2C-7F2633C41994}.Release|x86.Deploy.0 = Release|x86
	EndGlobalSection
	GlobalSection(SolutionProperties) = preSolution
		HideSolutionNode = FALSE
	EndGlobalSection
EndGlobal
